PODS:
  - Flutter (1.0.0)
  - flutter_paycards (0.0.1):
    - Flutter

DEPENDENCIES:
  - Flutter (from `.symlinks/flutter/ios`)
  - flutter_paycards (from `.symlinks/plugins/flutter_paycards/ios`)

EXTERNAL SOURCES:
  Flutter:
    :path: ".symlinks/flutter/ios"
  flutter_paycards:
    :path: ".symlinks/plugins/flutter_paycards/ios"

SPEC CHECKSUMS:
  Flutter: 0e3d915762c693b495b44d77113d4970485de6ec
  flutter_paycards: 8b094416d2b22905658363d997ace16d6783f4f9

PODFILE CHECKSUM: aff02bfeed411c636180d6812254b2daeea14d09

COCOAPODS: 1.9.3
