PODS:
  - Flutter (1.0.0)
  - flutter_paycards (0.0.1):
    - Flutter

DEPENDENCIES:
  - Flutter (from `Flutter`)
  - flutter_paycards (from `.symlinks/plugins/flutter_paycards/ios`)

EXTERNAL SOURCES:
  Flutter:
    :path: Flutter
  flutter_paycards:
    :path: ".symlinks/plugins/flutter_paycards/ios"

SPEC CHECKSUMS:
  Flutter: 434fef37c0980e73bb6479ef766c45957d4b510c
  flutter_paycards: 8b094416d2b22905658363d997ace16d6783f4f9

PODFILE CHECKSUM: 8e679eca47255a8ca8067c4c67aab20e64cb974d

COCOAPODS: 1.10.2
